
Microsoft Visual Studio Solution File, Format Version 12.00
# Visual Studio Version 17
VisualStudioVersion = 17.11.35303.130
MinimumVisualStudioVersion = 10.0.40219.1
Project("{9A19103F-16F7-4668-BE54-9A1E7A4F7556}") = "API", "API\API.csproj", "{EFE91EF2-E7E6-4CC1-99E4-AB190026DA94}"
EndProject
Project("{9A19103F-16F7-4668-BE54-9A1E7A4F7556}") = "Shared", "Shared\Shared.csproj", "{D05B2837-3A01-4299-B757-1B1BCC037D9E}"
EndProject
Project("{9A19103F-16F7-4668-BE54-9A1E7A4F7556}") = "Core.Auth", "Core.Auth\Core.Auth.csproj", "{91886948-A7FA-419C-9F3B-48B00A21496D}"
EndProject
Project("{9A19103F-16F7-4668-BE54-9A1E7A4F7556}") = "Tests", "Tests\Tests.csproj", "{7B73C392-E292-4EFA-81CE-859C2C1261D7}"
EndProject
Project("{9A19103F-16F7-4668-BE54-9A1E7A4F7556}") = "Data", "Data\Data.csproj", "{F22F3F26-DDCF-48DB-9224-7F6C7C0385D8}"
EndProject
Project("{9A19103F-16F7-4668-BE54-9A1E7A4F7556}") = "Core.Auth.Models", "Core.Auth.Models\Core.Auth.Models.csproj", "{9627A9D1-F59E-40E1-8D63-04F218F0FFE1}"
EndProject
Global
	GlobalSection(SolutionConfigurationPlatforms) = preSolution
		Debug|Any CPU = Debug|Any CPU
		Release|Any CPU = Release|Any CPU
	EndGlobalSection
	GlobalSection(ProjectConfigurationPlatforms) = postSolution
		{EFE91EF2-E7E6-4CC1-99E4-AB190026DA94}.Debug|Any CPU.ActiveCfg = Debug|Any CPU
		{EFE91EF2-E7E6-4CC1-99E4-AB190026DA94}.Debug|Any CPU.Build.0 = Debug|Any CPU
		{EFE91EF2-E7E6-4CC1-99E4-AB190026DA94}.Release|Any CPU.ActiveCfg = Release|Any CPU
		{EFE91EF2-E7E6-4CC1-99E4-AB190026DA94}.Release|Any CPU.Build.0 = Release|Any CPU
		{D05B2837-3A01-4299-B757-1B1BCC037D9E}.Debug|Any CPU.ActiveCfg = Debug|Any CPU
		{D05B2837-3A01-4299-B757-1B1BCC037D9E}.Debug|Any CPU.Build.0 = Debug|Any CPU
		{D05B2837-3A01-4299-B757-1B1BCC037D9E}.Release|Any CPU.ActiveCfg = Release|Any CPU
		{D05B2837-3A01-4299-B757-1B1BCC037D9E}.Release|Any CPU.Build.0 = Release|Any CPU
		{91886948-A7FA-419C-9F3B-48B00A21496D}.Debug|Any CPU.ActiveCfg = Debug|Any CPU
		{91886948-A7FA-419C-9F3B-48B00A21496D}.Debug|Any CPU.Build.0 = Debug|Any CPU
		{91886948-A7FA-419C-9F3B-48B00A21496D}.Release|Any CPU.ActiveCfg = Release|Any CPU
		{91886948-A7FA-419C-9F3B-48B00A21496D}.Release|Any CPU.Build.0 = Release|Any CPU
		{7B73C392-E292-4EFA-81CE-859C2C1261D7}.Debug|Any CPU.ActiveCfg = Debug|Any CPU
		{7B73C392-E292-4EFA-81CE-859C2C1261D7}.Debug|Any CPU.Build.0 = Debug|Any CPU
		{7B73C392-E292-4EFA-81CE-859C2C1261D7}.Release|Any CPU.ActiveCfg = Release|Any CPU
		{7B73C392-E292-4EFA-81CE-859C2C1261D7}.Release|Any CPU.Build.0 = Release|Any CPU
		{F22F3F26-DDCF-48DB-9224-7F6C7C0385D8}.Debug|Any CPU.ActiveCfg = Debug|Any CPU
		{F22F3F26-DDCF-48DB-9224-7F6C7C0385D8}.Debug|Any CPU.Build.0 = Debug|Any CPU
		{F22F3F26-DDCF-48DB-9224-7F6C7C0385D8}.Release|Any CPU.ActiveCfg = Release|Any CPU
		{F22F3F26-DDCF-48DB-9224-7F6C7C0385D8}.Release|Any CPU.Build.0 = Release|Any CPU
		{9627A9D1-F59E-40E1-8D63-04F218F0FFE1}.Debug|Any CPU.ActiveCfg = Debug|Any CPU
		{9627A9D1-F59E-40E1-8D63-04F218F0FFE1}.Debug|Any CPU.Build.0 = Debug|Any CPU
		{9627A9D1-F59E-40E1-8D63-04F218F0FFE1}.Release|Any CPU.ActiveCfg = Release|Any CPU
		{9627A9D1-F59E-40E1-8D63-04F218F0FFE1}.Release|Any CPU.Build.0 = Release|Any CPU
	EndGlobalSection
	GlobalSection(SolutionProperties) = preSolution
		HideSolutionNode = FALSE
	EndGlobalSection
	GlobalSection(ExtensibilityGlobals) = postSolution
		SolutionGuid = {1E3A7919-BB5D-42C6-B21D-E361DCDB3378}
	EndGlobalSection
EndGlobal
